PODS:
  - Alamofire (4.9.1)
  - AlamofireImage (3.6.0):
    - Alamofire (~> 4.9)
  - CocoaAsyncSocket (7.6.5)
  - CocoaLumberjack (3.7.2):
    - CocoaLumberjack/Core (= 3.7.2)
  - CocoaLumberjack/Core (3.7.2)
  - KissXML (5.3.1):
    - KissXML/All (= 5.3.1)
  - KissXML/Additions (5.3.1):
    - KissXML/Core
  - KissXML/All (5.3.1):
    - KissXML/Additions
    - KissXML/Core
  - KissXML/Core (5.3.1)
  - libidn (1.35)
  - MBProgressHUD (1.2.0)
  - XMPPFramework (4.0.0):
    - XMPPFramework/default (= 4.0.0)
  - XMPPFramework/default (4.0.0):
    - CocoaAsyncSocket (~> 7.6)
    - CocoaLumberjack
    - KissXML (~> 5.2)
    - libidn (~> 1.35)

DEPENDENCIES:
  - Alamofire
  - AlamofireImage
  - CocoaAsyncSocket (~> 7.6.5)
  - CocoaLumberjack (~> 3.7.0)
  - KissXML (~> 5.3.1)
  - libidn (~> 1.35)
  - MBProgressHUD (~> 1.2.0)
  - XMPPFramework (~> 4.0.0)

SPEC REPOS:
  trunk:
    - Alamofire
    - AlamofireImage
    - CocoaAsyncSocket
    - CocoaLumberjack
    - KissXML
    - libidn
    - MBProgressHUD
    - XMPPFramework

SPEC CHECKSUMS:
  Alamofire: 85e8a02c69d6020a0d734f6054870d7ecb75cf18
  AlamofireImage: be9963c6582d68b39e89191f64c82a7d7bf40fdd
  CocoaAsyncSocket: 065fd1e645c7abab64f7a6a2007a48038fdc6a99
  CocoaLumberjack: b7e05132ff94f6ae4dfa9d5bce9141893a21d9da
  KissXML: 5c8e0f2e8b9f071d3e1ae123dec3eb5da615c10c
  libidn: e4576a956b797c584c77aaedfc6e3dd639b61bdc
  MBProgressHUD: 3ee5efcc380f6a79a7cc9b363dd669c5e1ae7406
  XMPPFramework: 5d31ff9f73dce031b24bc49bcf88093627a3a86e

PODFILE CHECKSUM: 40b8ba089a8202e102fb7901b8d939a508e29883

COCOAPODS: 1.11.2
